dependencies:
- name: hiveconnect
  repository: ""
  version: 0.1.0
- name: openfhir
  repository: ""
  version: 0.1.0
- name: ehrbase
  repository: ""
  version: 0.1.0
- name: postgres-ehrbase
  repository: ""
  version: 0.1.0
- name: postgres-hiveconnect
  repository: ""
  version: 0.1.0
- name: postgres-openfhir
  repository: ""
  version: 0.1.0
- name: postgres-hapi
  repository: ""
  version: 0.1.0
- name: hapi-fhir-jpaserver
  repository: https://hapifhir.github.io/hapi-fhir-jpaserver-starter
  version: 0.14.0
digest: sha256:38234eeba7340387a7e07910999a0e4b166e1b13cb0e59e95f42148b237bdd5a
generated: "2026-03-11T15:11:05.846211+01:00"
