dependencies:
- name: openfhir
  repository: ""
  version: 0.0.1
- name: ehrbase
  repository: ""
  version: 1.0.0
- name: postgresql
  repository: https://charts.bitnami.com/bitnami
  version: 16.7.21
- name: postgresql
  repository: https://charts.bitnami.com/bitnami
  version: 16.7.21
- name: postgresql
  repository: https://charts.bitnami.com/bitnami
  version: 16.7.21
- name: hapi-fhir-jpaserver
  repository: https://hapifhir.github.io/hapi-fhir-jpaserver-starter
  version: 0.14.0
digest: sha256:98cc6bb187e54e763890dbbc134413dccd8f758805ae05dd80c94f1c366032f5
generated: "2025-07-31T17:31:24.052546+02:00"
