dependencies:
- name: openfhir
  repository: ""
  version: 0.0.1
- name: postgresql
  repository: https://charts.bitnami.com/bitnami
  version: 16.7.21
- name: postgresql
  repository: https://charts.bitnami.com/bitnami
  version: 16.7.21
digest: sha256:5f1ebbb2c1088b67c6035568d6bbd407c71f6e7486ab1a4d04b5cea352240373
generated: "2025-07-31T15:52:04.318517+02:00"
